github.com/474420502/random v0.0.2 h1:A9ZfI3Odd0Naz+IcA7dmFDMHLH9P2Kx/R3AL4FQMH4U=
github.com/474420502/random v0.0.2/go.mod h1:51QVTqbWTDUBTA+4phZZjjVsJXWz0zayPTdDEBu+2sA=
github.com/474420502/structure v0.9.0 h1:mnAdalZRxWfmF7IsYILlrbSsrZD08KZxqJ6wEHTqfiU=
github.com/474420502/structure v0.9.0/go.mod h1:HKEMq5GlwxZKAQl3LwbN+A+E+wL9NimrNVlu7FIku3Y=
